
Microsoft Visual Studio Solution File, Format Version 12.00
# Visual Studio 2012
Project("{FAE04EC0-301F-11D3-BF4B-00C04F79EFBC}") = "alpine.api", "alpine.api\alpine.api.csproj", "{D190A159-A88B-4D58-AC36-60FD9FBB9D18}"
EndProject
Project("{FAE04EC0-301F-11D3-BF4B-00C04F79EFBC}") = "alpine.authorization", "alpine.authorization\alpine.authorization.csproj", "{72B3B7AA-59F1-47A2-9911-3C452E2DFD88}"
EndProject
Project("{FAE04EC0-301F-11D3-BF4B-00C04F79EFBC}") = "alpine.database", "alpine.database\alpine.database.csproj", "{7A406310-8B8F-44DB-A751-429154BC0F01}"
EndProject
Project("{FAE04EC0-301F-11D3-BF4B-00C04F79EFBC}") = "alpine.repository", "alpine.repository\alpine.repository.csproj", "{36A735F6-D08D-47A6-925B-E60F491AB678}"
EndProject
Project("{FAE04EC0-301F-11D3-BF4B-00C04F79EFBC}") = "alpine.service", "alpine.service\alpine.service.csproj", "{15C43B62-B643-415B-875F-7FC1EB42661C}"
EndProject
Project("{FAE04EC0-301F-11D3-BF4B-00C04F79EFBC}") = "alpine.core", "alpine.core\alpine.core.csproj", "{ED0B0957-BC8E-4972-9082-89D24BA087D2}"
EndProject
Project("{FAE04EC0-301F-11D3-BF4B-00C04F79EFBC}") = "alpine.infrastructure", "alpine.infrastructure\alpine.infrastructure.csproj", "{16FF5BC9-C45B-48D8-9FDA-2F9FAB5A88BF}"
EndProject
Global
	GlobalSection(SolutionConfigurationPlatforms) = preSolution
		Debug|Any CPU = Debug|Any CPU
		Release|Any CPU = Release|Any CPU
	EndGlobalSection
	GlobalSection(ProjectConfigurationPlatforms) = postSolution
		{D190A159-A88B-4D58-AC36-60FD9FBB9D18}.Debug|Any CPU.ActiveCfg = Debug|Any CPU
		{D190A159-A88B-4D58-AC36-60FD9FBB9D18}.Debug|Any CPU.Build.0 = Debug|Any CPU
		{D190A159-A88B-4D58-AC36-60FD9FBB9D18}.Release|Any CPU.ActiveCfg = Release|Any CPU
		{D190A159-A88B-4D58-AC36-60FD9FBB9D18}.Release|Any CPU.Build.0 = Release|Any CPU
		{72B3B7AA-59F1-47A2-9911-3C452E2DFD88}.Debug|Any CPU.ActiveCfg = Debug|Any CPU
		{72B3B7AA-59F1-47A2-9911-3C452E2DFD88}.Debug|Any CPU.Build.0 = Debug|Any CPU
		{72B3B7AA-59F1-47A2-9911-3C452E2DFD88}.Release|Any CPU.ActiveCfg = Release|Any CPU
		{72B3B7AA-59F1-47A2-9911-3C452E2DFD88}.Release|Any CPU.Build.0 = Release|Any CPU
		{7A406310-8B8F-44DB-A751-429154BC0F01}.Debug|Any CPU.ActiveCfg = Debug|Any CPU
		{7A406310-8B8F-44DB-A751-429154BC0F01}.Debug|Any CPU.Build.0 = Debug|Any CPU
		{7A406310-8B8F-44DB-A751-429154BC0F01}.Release|Any CPU.ActiveCfg = Release|Any CPU
		{7A406310-8B8F-44DB-A751-429154BC0F01}.Release|Any CPU.Build.0 = Release|Any CPU
		{36A735F6-D08D-47A6-925B-E60F491AB678}.Debug|Any CPU.ActiveCfg = Debug|Any CPU
		{36A735F6-D08D-47A6-925B-E60F491AB678}.Debug|Any CPU.Build.0 = Debug|Any CPU
		{36A735F6-D08D-47A6-925B-E60F491AB678}.Release|Any CPU.ActiveCfg = Release|Any CPU
		{36A735F6-D08D-47A6-925B-E60F491AB678}.Release|Any CPU.Build.0 = Release|Any CPU
		{15C43B62-B643-415B-875F-7FC1EB42661C}.Debug|Any CPU.ActiveCfg = Debug|Any CPU
		{15C43B62-B643-415B-875F-7FC1EB42661C}.Debug|Any CPU.Build.0 = Debug|Any CPU
		{15C43B62-B643-415B-875F-7FC1EB42661C}.Release|Any CPU.ActiveCfg = Release|Any CPU
		{15C43B62-B643-415B-875F-7FC1EB42661C}.Release|Any CPU.Build.0 = Release|Any CPU
		{ED0B0957-BC8E-4972-9082-89D24BA087D2}.Debug|Any CPU.ActiveCfg = Debug|Any CPU
		{ED0B0957-BC8E-4972-9082-89D24BA087D2}.Debug|Any CPU.Build.0 = Debug|Any CPU
		{ED0B0957-BC8E-4972-9082-89D24BA087D2}.Release|Any CPU.ActiveCfg = Release|Any CPU
		{ED0B0957-BC8E-4972-9082-89D24BA087D2}.Release|Any CPU.Build.0 = Release|Any CPU
		{16FF5BC9-C45B-48D8-9FDA-2F9FAB5A88BF}.Debug|Any CPU.ActiveCfg = Debug|Any CPU
		{16FF5BC9-C45B-48D8-9FDA-2F9FAB5A88BF}.Debug|Any CPU.Build.0 = Debug|Any CPU
		{16FF5BC9-C45B-48D8-9FDA-2F9FAB5A88BF}.Release|Any CPU.ActiveCfg = Release|Any CPU
		{16FF5BC9-C45B-48D8-9FDA-2F9FAB5A88BF}.Release|Any CPU.Build.0 = Release|Any CPU
	EndGlobalSection
	GlobalSection(MonoDevelopProperties) = preSolution
		Policies = $0
		$0.TextStylePolicy = $1
		$1.FileWidth = 80
		$1.TabsToSpaces = True
		$1.scope = text/x-csharp
		$0.CSharpFormattingPolicy = $2
		$2.scope = text/x-csharp
		$2.SpaceWithinMethodDeclarationParenthesis = True
		$2.SpaceWithinMethodCallParentheses = True
		$2.SpaceWithinExpressionParentheses = True
		$2.SpaceWithinCastParentheses = True
		$2.SpaceWithinOtherParentheses = True
		$2.SpaceWithinSquareBrackets = True
		$0.TextStylePolicy = $3
		$3.FileWidth = 80
		$3.TabsToSpaces = True
		$3.scope = text/plain
		$0.DotNetNamingPolicy = $4
		$4.DirectoryNamespaceAssociation = PrefixedHierarchical
		$0.TextStylePolicy = $5
		$5.TabsToSpaces = True
		$5.NoTabsAfterNonTabs = True
		$5.scope = text/x-fsharp
		$0.FSharpFormattingPolicy = $6
		$6.DefaultFormat = $7
		$7.IndentOnTryWith = False
		$7.ReorderOpenDeclaration = False
		$7.SpaceAfterComma = True
		$7.SpaceAfterSemicolon = True
		$7.SpaceAroundDelimiter = True
		$7.SpaceBeforeArgument = True
		$7.SpaceBeforeColon = True
		$7.__added = 0
		$6.scope = text/x-fsharp
		$0.CSSFormattingPolicy = $8
		$8.AutomaticFormatting = True
		$8.BracePositions = SemiExpanded
		$8.FormatOnPaste = True
		$8.HierarchicalIndentation = True
		$8.scope = text/x-css
		$0.TextStylePolicy = $9
		$9.TabsToSpaces = True
		$9.NoTabsAfterNonTabs = True
		$9.scope = text/x-css
		$0.HTMLFormattingPolicy = $10
		$10.FormatOnPaste = True
		$10.XHTMLCodingStyle = True
		$10.scope = text/x-html
		$0.TextStylePolicy = $11
		$11.TabsToSpaces = True
		$11.NoTabsAfterNonTabs = True
		$11.scope = text/x-html
		$0.JSONFormattingPolicy = $12
		$12.AutoStructureCompletion = True
		$12.BracePositions = SemiExpanded
		$12.FormatOnPaste = True
		$12.scope = text/x-json
		$0.TextStylePolicy = $13
		$13.TabWidth = 2
		$13.TabsToSpaces = True
		$13.IndentWidth = 2
		$13.NoTabsAfterNonTabs = True
		$13.scope = text/x-json
	EndGlobalSection
EndGlobal
